
Microsoft Visual Studio Solution File, Format Version 12.00
# Visual Studio 2012
Project("{FAE04EC0-301F-11D3-BF4B-00C04F79EFBC}") = "ClassRoomManagement", "ClassRoomManagement\ClassRoomManagement.csproj", "{6EAEA709-188A-4EA0-B365-4FFE4ADDD49B}"
EndProject
Project("{FAE04EC0-301F-11D3-BF4B-00C04F79EFBC}") = "SingletonConnect", "SingletonConnect\SingletonConnect.csproj", "{5D065CCD-2A52-4867-A873-83D10D9FCF0A}"
EndProject
Global
	GlobalSection(SolutionConfigurationPlatforms) = preSolution
		Debug|Any CPU = Debug|Any CPU
		Release|Any CPU = Release|Any CPU
	EndGlobalSection
	GlobalSection(ProjectConfigurationPlatforms) = postSolution
		{6EAEA709-188A-4EA0-B365-4FFE4ADDD49B}.Debug|Any CPU.ActiveCfg = Debug|Any CPU
		{6EAEA709-188A-4EA0-B365-4FFE4ADDD49B}.Debug|Any CPU.Build.0 = Debug|Any CPU
		{6EAEA709-188A-4EA0-B365-4FFE4ADDD49B}.Release|Any CPU.ActiveCfg = Release|Any CPU
		{6EAEA709-188A-4EA0-B365-4FFE4ADDD49B}.Release|Any CPU.Build.0 = Release|Any CPU
		{5D065CCD-2A52-4867-A873-83D10D9FCF0A}.Debug|Any CPU.ActiveCfg = Debug|Any CPU
		{5D065CCD-2A52-4867-A873-83D10D9FCF0A}.Debug|Any CPU.Build.0 = Debug|Any CPU
		{5D065CCD-2A52-4867-A873-83D10D9FCF0A}.Release|Any CPU.ActiveCfg = Release|Any CPU
		{5D065CCD-2A52-4867-A873-83D10D9FCF0A}.Release|Any CPU.Build.0 = Release|Any CPU
	EndGlobalSection
	GlobalSection(SolutionProperties) = preSolution
		HideSolutionNode = FALSE
	EndGlobalSection
EndGlobal
